
Microsoft Visual Studio Solution File, Format Version 12.00
# Visual Studio Version 17
VisualStudioVersion = 17.11.35431.28
MinimumVisualStudioVersion = 10.0.40219.1
Project("{FAE04EC0-301F-11D3-BF4B-00C04F79EFBC}") = "ActivityTrackerV4", "ActivityTrackerV4.Client\ActivityTrackerV4.csproj", "{2D00D119-B070-4889-8421-9286A2F5CE0A}"
EndProject
Project("{FAE04EC0-301F-11D3-BF4B-00C04F79EFBC}") = "BlazorAuthAPI", "ActivityTrackerV4.Server\BlazorAuthAPI.csproj", "{B607E568-6BED-46B2-A527-168E1BB3B9D3}"
EndProject
Global
	GlobalSection(SolutionConfigurationPlatforms) = preSolution
		Debug|Any CPU = Debug|Any CPU
		Release|Any CPU = Release|Any CPU
	EndGlobalSection
	GlobalSection(ProjectConfigurationPlatforms) = postSolution
		{2D00D119-B070-4889-8421-9286A2F5CE0A}.Debug|Any CPU.ActiveCfg = Debug|Any CPU
		{2D00D119-B070-4889-8421-9286A2F5CE0A}.Debug|Any CPU.Build.0 = Debug|Any CPU
		{2D00D119-B070-4889-8421-9286A2F5CE0A}.Release|Any CPU.ActiveCfg = Release|Any CPU
		{2D00D119-B070-4889-8421-9286A2F5CE0A}.Release|Any CPU.Build.0 = Release|Any CPU
		{B607E568-6BED-46B2-A527-168E1BB3B9D3}.Debug|Any CPU.ActiveCfg = Debug|Any CPU
		{B607E568-6BED-46B2-A527-168E1BB3B9D3}.Debug|Any CPU.Build.0 = Debug|Any CPU
		{B607E568-6BED-46B2-A527-168E1BB3B9D3}.Release|Any CPU.ActiveCfg = Release|Any CPU
		{B607E568-6BED-46B2-A527-168E1BB3B9D3}.Release|Any CPU.Build.0 = Release|Any CPU
	EndGlobalSection
	GlobalSection(SolutionProperties) = preSolution
		HideSolutionNode = FALSE
	EndGlobalSection
	GlobalSection(ExtensibilityGlobals) = postSolution
		SolutionGuid = {5C9F6AB8-14EC-4F12-A0BF-CCE073A1FCCD}
	EndGlobalSection
EndGlobal
